
Microsoft Visual Studio Solution File, Format Version 12.00
# Visual Studio Version 17
VisualStudioVersion = 17.3.32825.248
MinimumVisualStudioVersion = 10.0.40219.1
Project("{8BC9CEB8-8B4A-11D0-8D11-00A0C91BC942}") = "WinSysSock", "WinSysSock.vcxproj", "{748B09B7-CE07-4774-AB9F-669C0A21A16B}"
EndProject
Project("{2150E333-8FDC-42A3-9474-1A3956D46DE8}") = "솔루션 항목", "솔루션 항목", "{2B34B375-D310-4D43-9E65-77ADCD6F0884}"
	ProjectSection(SolutionItems) = preProject
		.editorconfig = .editorconfig
	EndProjectSection
EndProject
Global
	GlobalSection(SolutionConfigurationPlatforms) = preSolution
		Debug|x64 = Debug|x64
		Debug|x86 = Debug|x86
		Release|x64 = Release|x64
		Release|x86 = Release|x86
	EndGlobalSection
	GlobalSection(ProjectConfigurationPlatforms) = postSolution
		{748B09B7-CE07-4774-AB9F-669C0A21A16B}.Debug|x64.ActiveCfg = Debug|x64
		{748B09B7-CE07-4774-AB9F-669C0A21A16B}.Debug|x64.Build.0 = Debug|x64
		{748B09B7-CE07-4774-AB9F-669C0A21A16B}.Debug|x86.ActiveCfg = Debug|Win32
		{748B09B7-CE07-4774-AB9F-669C0A21A16B}.Debug|x86.Build.0 = Debug|Win32
		{748B09B7-CE07-4774-AB9F-669C0A21A16B}.Release|x64.ActiveCfg = Release|x64
		{748B09B7-CE07-4774-AB9F-669C0A21A16B}.Release|x64.Build.0 = Release|x64
		{748B09B7-CE07-4774-AB9F-669C0A21A16B}.Release|x86.ActiveCfg = Release|Win32
		{748B09B7-CE07-4774-AB9F-669C0A21A16B}.Release|x86.Build.0 = Release|Win32
	EndGlobalSection
	GlobalSection(SolutionProperties) = preSolution
		HideSolutionNode = FALSE
	EndGlobalSection
	GlobalSection(ExtensibilityGlobals) = postSolution
		SolutionGuid = {9B93C992-B874-4DD8-8586-A2E8C7108960}
	EndGlobalSection
EndGlobal
